
Microsoft Visual Studio Solution File, Format Version 12.00
# Visual Studio Version 17
VisualStudioVersion = 17.6.33723.286
MinimumVisualStudioVersion = 10.0.40219.1
Project("{FAE04EC0-301F-11D3-BF4B-00C04F79EFBC}") = "ISDP-Cosman,Dallas", "ISDP-Cosman,Dallas\ISDP-Cosman,Dallas.csproj", "{DB38E190-998D-4501-BF50-5AD03E23AE3D}"
EndProject
Global
	GlobalSection(SolutionConfigurationPlatforms) = preSolution
		Debug|Any CPU = Debug|Any CPU
		Release|Any CPU = Release|Any CPU
	EndGlobalSection
	GlobalSection(ProjectConfigurationPlatforms) = postSolution
		{DB38E190-998D-4501-BF50-5AD03E23AE3D}.Debug|Any CPU.ActiveCfg = Debug|Any CPU
		{DB38E190-998D-4501-BF50-5AD03E23AE3D}.Debug|Any CPU.Build.0 = Debug|Any CPU
		{DB38E190-998D-4501-BF50-5AD03E23AE3D}.Release|Any CPU.ActiveCfg = Release|Any CPU
		{DB38E190-998D-4501-BF50-5AD03E23AE3D}.Release|Any CPU.Build.0 = Release|Any CPU
	EndGlobalSection
	GlobalSection(SolutionProperties) = preSolution
		HideSolutionNode = FALSE
	EndGlobalSection
	GlobalSection(ExtensibilityGlobals) = postSolution
		SolutionGuid = {37F2147C-07C1-474A-8CD3-4D5311BFD347}
	EndGlobalSection
EndGlobal
